// !$*UTF8*$!
{
	archiveVersion = 1;
	classes = {
	};
	objectVersion = 46;
	objects = {

/* Begin PBXBuildFile section */
		64FAA4431CE58D8B0083C141 /* AppDelegate.swift in Sources */ = {isa = PBXBuildFile; fileRef = 64FAA4421CE58D8B0083C141 /* AppDelegate.swift */; };
		64FAA4481CE58D8B0083C141 /* Main.storyboard in Resources */ = {isa = PBXBuildFile; fileRef = 64FAA4461CE58D8B0083C141 /* Main.storyboard */; };
		64FAA44A1CE58D8B0083C141 /* Assets.xcassets in Resources */ = {isa = PBXBuildFile; fileRef = 64FAA4491CE58D8B0083C141 /* Assets.xcassets */; };
		64FAA44D1CE58D8B0083C141 /* LaunchScreen.storyboard in Resources */ = {isa = PBXBuildFile; fileRef = 64FAA44B1CE58D8B0083C141 /* LaunchScreen.storyboard */; };
		64FAA4551CE58EA90083C141 /* CoreSpotlight.framework in Frameworks */ = {isa = PBXBuildFile; fileRef = 64FAA4541CE58EA90083C141 /* CoreSpotlight.framework */; };
		64FAA4571CE58FD80083C141 /* MobileCoreServices.framework in Frameworks */ = {isa = PBXBuildFile; fileRef = 64FAA4561CE58FD80083C141 /* MobileCoreServices.framework */; };
		64FAA45B1CE59BF00083C141 /* thumb.png in Resources */ = {isa = PBXBuildFile; fileRef = 64FAA45A1CE59BF00083C141 /* thumb.png */; };
/* End PBXBuildFile section */

/* Begin PBXFileReference section */
		64FAA43F1CE58D8B0083C141 /* core-spotlight-search-sample.app */ = {isa = PBXFileReference; explicitFileType = wrapper.application; includeInIndex = 0; path = "core-spotlight-search-sample.app"; sourceTree = BUILT_PRODUCTS_DIR; };
		64FAA4421CE58D8B0083C141 /* AppDelegate.swift */ = {isa = PBXFileReference; lastKnownFileType = sourcecode.swift; path = AppDelegate.swift; sourceTree = "<group>"; };
		64FAA4471CE58D8B0083C141 /* Base */ = {isa = PBXFileReference; lastKnownFileType = file.storyboard; name = Base; path = Base.lproj/Main.storyboard; sourceTree = "<group>"; };
		64FAA4491CE58D8B0083C141 /* Assets.xcassets */ = {isa = PBXFileReference; lastKnownFileType = folder.assetcatalog; path = Assets.xcassets; sourceTree = "<group>"; };
		64FAA44C1CE58D8B0083C141 /* Base */ = {isa = PBXFileReference; lastKnownFileType = file.storyboard; name = Base; path = Base.lproj/LaunchScreen.storyboard; sourceTree = "<group>"; };
		64FAA44E1CE58D8B0083C141 /* Info.plist */ = {isa = PBXFileReference; lastKnownFileType = text.plist.xml; path = Info.plist; sourceTree = "<group>"; };
		64FAA4541CE58EA90083C141 /* CoreSpotlight.framework */ = {isa = PBXFileReference; lastKnownFileType = wrapper.framework; name = CoreSpotlight.framework; path = System/Library/Frameworks/CoreSpotlight.framework; sourceTree = SDKROOT; };
		64FAA4561CE58FD80083C141 /* MobileCoreServices.framework */ = {isa = PBXFileReference; lastKnownFileType = wrapper.framework; name = MobileCoreServices.framework; path = System/Library/Frameworks/MobileCoreServices.framework; sourceTree = SDKROOT; };
		64FAA45A1CE59BF00083C141 /* thumb.png */ = {isa = PBXFileReference; lastKnownFileType = image.png; path = thumb.png; sourceTree = "<group>"; };
/* End PBXFileReference section */

/* Begin PBXFrameworksBuildPhase section */
		64FAA43C1CE58D8B0083C141 /* Frameworks */ = {
			isa = PBXFrameworksBuildPhase;
			buildActionMask = 2147483647;
			files = (
				64FAA4571CE58FD80083C141 /* MobileCoreServices.framework in Frameworks */,
				64FAA4551CE58EA90083C141 /* CoreSpotlight.framework in Frameworks */,
			);
			runOnlyForDeploymentPostprocessing = 0;
		};
/* End PBXFrameworksBuildPhase section */

/* Begin PBXGroup section */
		64FAA4361CE58D8B0083C141 = {
			isa = PBXGroup;
			children = (
				64FAA4561CE58FD80083C141 /* MobileCoreServices.framework */,
				64FAA4541CE58EA90083C141 /* CoreSpotlight.framework */,
				64FAA4411CE58D8B0083C141 /* core-spotlight-search-sample */,
				64FAA4401CE58D8B0083C141 /* Products */,
			);
			sourceTree = "<group>";
		};
		64FAA4401CE58D8B0083C141 /* Products */ = {
			isa = PBXGroup;
			children = (
				64FAA43F1CE58D8B0083C141 /* core-spotlight-search-sample.app */,
			);
			name = Products;
			sourceTree = "<group>";
		};
		64FAA4411CE58D8B0083C141 /* core-spotlight-search-sample */ = {
			isa = PBXGroup;
			children = (
				64FAA4421CE58D8B0083C141 /* AppDelegate.swift */,
				64FAA4461CE58D8B0083C141 /* Main.storyboard */,
				64FAA4491CE58D8B0083C141 /* Assets.xcassets */,
				64FAA44B1CE58D8B0083C141 /* LaunchScreen.storyboard */,
				64FAA44E1CE58D8B0083C141 /* Info.plist */,
				64FAA45A1CE59BF00083C141 /* thumb.png */,
			);
			path = "core-spotlight-search-sample";
			sourceTree = "<group>";
		};
/* End PBXGroup section */

/* Begin PBXNativeTarget section */
		64FAA43E1CE58D8B0083C141 /* core-spotlight-search-sample */ = {
			isa = PBXNativeTarget;
			buildConfigurationList = 64FAA4511CE58D8B0083C141 /* Build configuration list for PBXNativeTarget "core-spotlight-search-sample" */;
			buildPhases = (
				64FAA43B1CE58D8B0083C141 /* Sources */,
				64FAA43C1CE58D8B0083C141 /* Frameworks */,
				64FAA43D1CE58D8B0083C141 /* Resources */,
			);
			buildRules = (
			);
			dependencies = (
			);
			name = "core-spotlight-search-sample";
			productName = "core-spotlight-search-sample";
			productReference = 64FAA43F1CE58D8B0083C141 /* core-spotlight-search-sample.app */;
			productType = "com.apple.product-type.application";
		};
/* End PBXNativeTarget section */

/* Begin PBXProject section */
		64FAA4371CE58D8B0083C141 /* Project object */ = {
			isa = PBXProject;
			attributes = {
				LastSwiftUpdateCheck = 0730;
				LastUpgradeCheck = 0730;
				ORGANIZATIONNAME = cookpad;
				TargetAttributes = {
					64FAA43E1CE58D8B0083C141 = {
						CreatedOnToolsVersion = 7.3;
					};
				};
			};
			buildConfigurationList = 64FAA43A1CE58D8B0083C141 /* Build configuration list for PBXProject "core-spotlight-search-sample" */;
			compatibilityVersion = "Xcode 3.2";
			developmentRegion = English;
			hasScannedForEncodings = 0;
			knownRegions = (
				en,
				Base,
			);
			mainGroup = 64FAA4361CE58D8B0083C141;
			productRefGroup = 64FAA4401CE58D8B0083C141 /* Products */;
			projectDirPath = "";
			projectRoot = "";
			targets = (
				64FAA43E1CE58D8B0083C141 /* core-spotlight-search-sample */,
			);
		};
/* End PBXProject section */

/* Begin PBXResourcesBuildPhase section */
		64FAA43D1CE58D8B0083C141 /* Resources */ = {
			isa = PBXResourcesBuildPhase;
			buildActionMask = 2147483647;
			files = (
				64FAA45B1CE59BF00083C141 /* thumb.png in Resources */,
				64FAA44D1CE58D8B0083C141 /* LaunchScreen.storyboard in Resources */,
				64FAA44A1CE58D8B0083C141 /* Assets.xcassets in Resources */,
				64FAA4481CE58D8B0083C141 /* Main.storyboard in Resources */,
			);
			runOnlyForDeploymentPostprocessing = 0;
		};
/* End PBXResourcesBuildPhase section */

/* Begin PBXSourcesBuildPhase section */
		64FAA43B1CE58D8B0083C141 /* Sources */ = {
			isa = PBXSourcesBuildPhase;
			buildActionMask = 2147483647;
			files = (
				64FAA4431CE58D8B0083C141 /* AppDelegate.swift in Sources */,
			);
			runOnlyForDeploymentPostprocessing = 0;
		};
/* End PBXSourcesBuildPhase section */

/* Begin PBXVariantGroup section */
		64FAA4461CE58D8B0083C141 /* Main.storyboard */ = {
			isa = PBXVariantGroup;
			children = (
				64FAA4471CE58D8B0083C141 /* Base */,
			);
			name = Main.storyboard;
			sourceTree = "<group>";
		};
		64FAA44B1CE58D8B0083C141 /* LaunchScreen.storyboard */ = {
			isa = PBXVariantGroup;
			children = (
				64FAA44C1CE58D8B0083C141 /* Base */,
			);
			name = LaunchScreen.storyboard;
			sourceTree = "<group>";
		};
/* End PBXVariantGroup section */

/* Begin XCBuildConfiguration section */
		64FAA44F1CE58D8B0083C141 /* Debug */ = {
			isa = XCBuildConfiguration;
			buildSettings = {
				ALWAYS_SEARCH_USER_PATHS = NO;
				CLANG_ANALYZER_NONNULL = YES;
				CLANG_CXX_LANGUAGE_STANDARD = "gnu++0x";
				CLANG_CXX_LIBRARY = "libc++";
				CLANG_ENABLE_MODULES = YES;
				CLANG_ENABLE_OBJC_ARC = YES;
				CLANG_WARN_BOOL_CONVERSION = YES;
				CLANG_WARN_CONSTANT_CONVERSION = YES;
				CLANG_WARN_DIRECT_OBJC_ISA_USAGE = YES_ERROR;
				CLANG_WARN_EMPTY_BODY = YES;
				CLANG_WARN_ENUM_CONVERSION = YES;
				CLANG_WARN_INT_CONVERSION = YES;
				CLANG_WARN_OBJC_ROOT_CLASS = YES_ERROR;
				CLANG_WARN_UNREACHABLE_CODE = YES;
				CLANG_WARN__DUPLICATE_METHOD_MATCH = YES;
				"CODE_SIGN_IDENTITY[sdk=iphoneos*]" = "iPhone Developer";
				COPY_PHASE_STRIP = NO;
				DEBUG_INFORMATION_FORMAT = dwarf;
				ENABLE_STRICT_OBJC_MSGSEND = YES;
				ENABLE_TESTABILITY = YES;
				GCC_C_LANGUAGE_STANDARD = gnu99;
				GCC_DYNAMIC_NO_PIC = NO;
				GCC_NO_COMMON_BLOCKS = YES;
				GCC_OPTIMIZATION_LEVEL = 0;
				GCC_PREPROCESSOR_DEFINITIONS = (
					"DEBUG=1",
					"$(inherited)",
				);
				GCC_WARN_64_TO_32_BIT_CONVERSION = YES;
				GCC_WARN_ABOUT_RETURN_TYPE = YES_ERROR;
				GCC_WARN_UNDECLARED_SELECTOR = YES;
				GCC_WARN_UNINITIALIZED_AUTOS = YES_AGGRESSIVE;
				GCC_WARN_UNUSED_FUNCTION = YES;
				GCC_WARN_UNUSED_VARIABLE = YES;
				IPHONEOS_DEPLOYMENT_TARGET = 9.3;
				MTL_ENABLE_DEBUG_INFO = YES;
				ONLY_ACTIVE_ARCH = YES;
				SDKROOT = iphoneos;
				SWIFT_OPTIMIZATION_LEVEL = "-Onone";
				TARGETED_DEVICE_FAMILY = "1,2";
			};
			name = Debug;
		};
		64FAA4501CE58D8B0083C141 /* Release */ = {
			isa = XCBuildConfiguration;
			buildSettings = {
				ALWAYS_SEARCH_USER_PATHS = NO;
				CLANG_ANALYZER_NONNULL = YES;
				CLANG_CXX_LANGUAGE_STANDARD = "gnu++0x";
				CLANG_CXX_LIBRARY = "libc++";
				CLANG_ENABLE_MODULES = YES;
				CLANG_ENABLE_OBJC_ARC = YES;
				CLANG_WARN_BOOL_CONVERSION = YES;
				CLANG_WARN_CONSTANT_CONVERSION = YES;
				CLANG_WARN_DIRECT_OBJC_ISA_USAGE = YES_ERROR;
				CLANG_WARN_EMPTY_BODY = YES;
				CLANG_WARN_ENUM_CONVERSION = YES;
				CLANG_WARN_INT_CONVERSION = YES;
				CLANG_WARN_OBJC_ROOT_CLASS = YES_ERROR;
				CLANG_WARN_UNREACHABLE_CODE = YES;
				CLANG_WARN__DUPLICATE_METHOD_MATCH = YES;
				"CODE_SIGN_IDENTITY[sdk=iphoneos*]" = "iPhone Developer";
				COPY_PHASE_STRIP = NO;
				DEBUG_INFORMATION_FORMAT = "dwarf-with-dsym";
				ENABLE_NS_ASSERTIONS = NO;
				ENABLE_STRICT_OBJC_MSGSEND = YES;
				GCC_C_LANGUAGE_STANDARD = gnu99;
				GCC_NO_COMMON_BLOCKS = YES;
				GCC_WARN_64_TO_32_BIT_CONVERSION = YES;
				GCC_WARN_ABOUT_RETURN_TYPE = YES_ERROR;
				GCC_WARN_UNDECLARED_SELECTOR = YES;
				GCC_WARN_UNINITIALIZED_AUTOS = YES_AGGRESSIVE;
				GCC_WARN_UNUSED_FUNCTION = YES;
				GCC_WARN_UNUSED_VARIABLE = YES;
				IPHONEOS_DEPLOYMENT_TARGET = 9.3;
				MTL_ENABLE_DEBUG_INFO = NO;
				SDKROOT = iphoneos;
				TARGETED_DEVICE_FAMILY = "1,2";
				VALIDATE_PRODUCT = YES;
			};
			name = Release;
		};
		64FAA4521CE58D8B0083C141 /* Debug */ = {
			isa = XCBuildConfiguration;
			buildSettings = {
				ASSETCATALOG_COMPILER_APPICON_NAME = AppIcon;
				INFOPLIST_FILE = "core-spotlight-search-sample/Info.plist";
				IPHONEOS_DEPLOYMENT_TARGET = 9.0;
				LD_RUNPATH_SEARCH_PATHS = "$(inherited) @executable_path/Frameworks";
				PRODUCT_BUNDLE_IDENTIFIER = "com.cookpad.core-spotlight-search-sample";
				PRODUCT_NAME = "$(TARGET_NAME)";
			};
			name = Debug;
		};
		64FAA4531CE58D8B0083C141 /* Release */ = {
			isa = XCBuildConfiguration;
			buildSettings = {
				ASSETCATALOG_COMPILER_APPICON_NAME = AppIcon;
				INFOPLIST_FILE = "core-spotlight-search-sample/Info.plist";
				IPHONEOS_DEPLOYMENT_TARGET = 9.0;
				LD_RUNPATH_SEARCH_PATHS = "$(inherited) @executable_path/Frameworks";
				PRODUCT_BUNDLE_IDENTIFIER = "com.cookpad.core-spotlight-search-sample";
				PRODUCT_NAME = "$(TARGET_NAME)";
			};
			name = Release;
		};
/* End XCBuildConfiguration section */

/* Begin XCConfigurationList section */
		64FAA43A1CE58D8B0083C141 /* Build configuration list for PBXProject "core-spotlight-search-sample" */ = {
			isa = XCConfigurationList;
			buildConfigurations = (
				64FAA44F1CE58D8B0083C141 /* Debug */,
				64FAA4501CE58D8B0083C141 /* Release */,
			);
			defaultConfigurationIsVisible = 0;
			defaultConfigurationName = Release;
		};
		64FAA4511CE58D8B0083C141 /* Build configuration list for PBXNativeTarget "core-spotlight-search-sample" */ = {
			isa = XCConfigurationList;
			buildConfigurations = (
				64FAA4521CE58D8B0083C141 /* Debug */,
				64FAA4531CE58D8B0083C141 /* Release */,
			);
			defaultConfigurationIsVisible = 0;
		};
/* End XCConfigurationList section */
	};
	rootObject = 64FAA4371CE58D8B0083C141 /* Project object */;
}
